# THIS IS AN AUTOGENERATED FILE. DO NOT EDIT THIS FILE DIRECTLY.
# yarn lockfile v1


"@babel/generator@^7.28.6":
  version "7.29.1"
  resolved "https://registry.npmmirror.com/@babel/generator/-/generator-7.29.1.tgz"
  integrity sha512-qsaF+9Qcm2Qv8SRIMMscAvG4O3lJ0F1GuMo5HR/Bp02LopNgnZBC/EkbevHFeGs4ls/oPz9v+Bsmzbkbe+0dUw==
  dependencies:
    "@babel/parser" "^7.29.0"
    "@babel/types" "^7.29.0"
    "@jridgewell/gen-mapping" "^0.3.12"
    "@jridgewell/trace-mapping" "^0.3.28"
    jsesc "^3.0.2"

"@babel/helper-string-parser@^7.27.1":
  version "7.27.1"
  resolved "https://registry.npmmirror.com/@babel/helper-string-parser/-/helper-string-parser-7.27.1.tgz"
  integrity sha512-qMlSxKbpRlAridDExk92nSobyDdpPijUq2DW6oDnUqd0iOGxmQjyqhMIihI9+zv4LPyZdRje2cavWPbCbWm3eA==

"@babel/helper-validator-identifier@^7.28.5":
  version "7.28.5"
  resolved "https://registry.npmmirror.com/@babel/helper-validator-identifier/-/helper-validator-identifier-7.28.5.tgz"
  integrity sha512-qSs4ifwzKJSV39ucNjsvc6WVHs6b7S03sOh2OcHF9UHfVPqWWALUsNUVzhSBiItjRZoLHx7nIarVjqKVusUZ1Q==

"@babel/parser@^7.28.4", "@babel/parser@^7.28.5", "@babel/parser@^7.29.0":
  version "7.29.0"
  resolved "https://registry.npmmirror.com/@babel/parser/-/parser-7.29.0.tgz"
  integrity sha512-IyDgFV5GeDUVX4YdF/3CPULtVGSXXMLh1xVIgdCgxApktqnQV0r7/8Nqthg+8YLGaAtdyIlo2qIdZrbCv4+7ww==
  dependencies:
    "@babel/types" "^7.29.0"

"@babel/types@^7.29.0":
  version "7.29.0"
  resolved "https://registry.npmmirror.com/@babel/types/-/types-7.29.0.tgz"
  integrity sha512-LwdZHpScM4Qz8Xw2iKSzS+cfglZzJGvofQICy7W7v4caru4EaAmyUuO6BGrbyQ2mYV11W0U8j5mBhd14dd3B0A==
  dependencies:
    "@babel/helper-string-parser" "^7.27.1"
    "@babel/helper-validator-identifier" "^7.28.5"

"@emnapi/core@^1.7.1":
  version "1.9.0"
  resolved "https://registry.npmmirror.com/@emnapi/core/-/core-1.9.0.tgz#4a54213b208fcf288cce25076c74e0f7613e6100"
  integrity sha512-0DQ98G9ZQZOxfUcQn1waV2yS8aWdZ6kJMbYCJB3oUBecjWYO1fqJ+a1DRfPF3O5JEkwqwP1A9QEN/9mYm2Yd0w==
  dependencies:
    "@emnapi/wasi-threads" "1.2.0"
    tslib "^2.4.0"

"@emnapi/runtime@^1.7.1":
  version "1.9.0"
  resolved "https://registry.npmmirror.com/@emnapi/runtime/-/runtime-1.9.0.tgz#91c54a6e77c36154c125e873409472e2b70efd5b"
  integrity sha512-QN75eB0IH2ywSpRpNddCRfQIhmJYBCJ1x5Lb3IscKAL8bMnVAKnRg8dCoXbHzVLLH7P38N2Z3mtulB7W0J0FKw==
  dependencies:
    tslib "^2.4.0"

"@emnapi/wasi-threads@1.2.0":
  version "1.2.0"
  resolved "https://registry.npmmirror.com/@emnapi/wasi-threads/-/wasi-threads-1.2.0.tgz#a19d9772cc3d195370bf6e2a805eec40aa75e18e"
  integrity sha512-N10dEJNSsUx41Z6pZsXU8FjPjpBEplgH24sfkmITrBED1/U2Esum9F3lfLrMjKHHjmi557zQn7kR9R+XWXu5Rg==
  dependencies:
    tslib "^2.4.0"

"@jridgewell/gen-mapping@^0.3.12", "@jridgewell/gen-mapping@^0.3.5":
  version "0.3.13"
  resolved "https://registry.npmmirror.com/@jridgewell/gen-mapping/-/gen-mapping-0.3.13.tgz"
  integrity sha512-2kkt/7niJ6MgEPxF0bYdQ6etZaA+fQvDcLKckhy1yIQOzaoKjBBjSj63/aLVjYE3qhRt5dvM+uUyfCg6UKCBbA==
  dependencies:
    "@jridgewell/sourcemap-codec" "^1.5.0"
    "@jridgewell/trace-mapping" "^0.3.24"

"@jridgewell/remapping@^2.3.5":
  version "2.3.5"
  resolved "https://registry.npmmirror.com/@jridgewell/remapping/-/remapping-2.3.5.tgz"
  integrity sha512-LI9u/+laYG4Ds1TDKSJW2YPrIlcVYOwi2fUC6xB43lueCjgxV4lffOCZCtYFiH6TNOX+tQKXx97T4IKHbhyHEQ==
  dependencies:
    "@jridgewell/gen-mapping" "^0.3.5"
    "@jridgewell/trace-mapping" "^0.3.24"

"@jridgewell/resolve-uri@^3.1.0":
  version "3.1.2"
  resolved "https://registry.npmmirror.com/@jridgewell/resolve-uri/-/resolve-uri-3.1.2.tgz"
  integrity sha512-bRISgCIjP20/tbWSPWMEi54QVPRZExkuD9lJL+UIxUKtwVJA8wW1Trb1jMs1RFXo1CBTNZ/5hpC9QvmKWdopKw==

"@jridgewell/sourcemap-codec@^1.4.14", "@jridgewell/sourcemap-codec@^1.5.0", "@jridgewell/sourcemap-codec@^1.5.5":
  version "1.5.5"
  resolved "https://registry.npmmirror.com/@jridgewell/sourcemap-codec/-/sourcemap-codec-1.5.5.tgz"
  integrity sha512-cYQ9310grqxueWbl+WuIUIaiUaDcj7WOq5fVhEljNVgRfOUhY9fy2zTvfoqWsnebh8Sl70VScFbICvJnLKB0Og==

"@jridgewell/trace-mapping@^0.3.24", "@jridgewell/trace-mapping@^0.3.28":
  version "0.3.31"
  resolved "https://registry.npmmirror.com/@jridgewell/trace-mapping/-/trace-mapping-0.3.31.tgz"
  integrity sha512-zzNR+SdQSDJzc8joaeP8QQoCQr8NuYx2dIIytl1QeBEZHJ9uW6hebsrYgbz8hJwUQao3TWCMtmfV8Nu1twOLAw==
  dependencies:
    "@jridgewell/resolve-uri" "^3.1.0"
    "@jridgewell/sourcemap-codec" "^1.4.14"

"@napi-rs/wasm-runtime@^1.1.1":
  version "1.1.1"
  resolved "https://registry.npmmirror.com/@napi-rs/wasm-runtime/-/wasm-runtime-1.1.1.tgz#c3705ab549d176b8dc5172723d6156c3dc426af2"
  integrity sha512-p64ah1M1ld8xjWv3qbvFwHiFVWrq1yFvV4f7w+mzaqiR4IlSgkqhcRdHwsGgomwzBH51sRY4NEowLxnaBjcW/A==
  dependencies:
    "@emnapi/core" "^1.7.1"
    "@emnapi/runtime" "^1.7.1"
    "@tybys/wasm-util" "^0.10.1"

"@oxc-project/runtime@0.115.0":
  version "0.115.0"
  resolved "https://registry.npmmirror.com/@oxc-project/runtime/-/runtime-0.115.0.tgz"
  integrity sha512-Rg8Wlt5dCbXhQnsXPrkOjL1DTSvXLgb2R/KYfnf1/K+R0k6UMLEmbQXPM+kwrWqSmWA2t0B1EtHy2/3zikQpvQ==

"@oxc-project/types@=0.115.0":
  version "0.115.0"
  resolved "https://registry.npmmirror.com/@oxc-project/types/-/types-0.115.0.tgz"
  integrity sha512-4n91DKnebUS4yjUHl2g3/b2T+IUdCfmoZGhmwsovZCDaJSs+QkVAM+0AqqTxHSsHfeiMuueT75cZaZcT/m0pSw==

"@rolldown/binding-android-arm64@1.0.0-rc.9":
  version "1.0.0-rc.9"
  resolved "https://registry.npmmirror.com/@rolldown/binding-android-arm64/-/binding-android-arm64-1.0.0-rc.9.tgz#4bbd28868564948c2bf04b3ca117a6828f95626c"
  integrity sha512-lcJL0bN5hpgJfSIz/8PIf02irmyL43P+j1pTCfbD1DbLkmGRuFIA4DD3B3ZOvGqG0XiVvRznbKtN0COQVaKUTg==

"@rolldown/binding-darwin-arm64@1.0.0-rc.9":
  version "1.0.0-rc.9"
  resolved "https://registry.npmmirror.com/@rolldown/binding-darwin-arm64/-/binding-darwin-arm64-1.0.0-rc.9.tgz#80864a6997404f264cc7a216cad221fe6148705d"
  integrity sha512-J7Zk3kLYFsLtuH6U+F4pS2sYVzac0qkjcO5QxHS7OS7yZu2LRs+IXo+uvJ/mvpyUljDJ3LROZPoQfgBIpCMhdQ==

"@rolldown/binding-darwin-x64@1.0.0-rc.9":
  version "1.0.0-rc.9"
  resolved "https://registry.npmmirror.com/@rolldown/binding-darwin-x64/-/binding-darwin-x64-1.0.0-rc.9.tgz#747b698878b6f44d817f87e9e3cb197b16076d2a"
  integrity sha512-iwtmmghy8nhfRGeNAIltcNXzD0QMNaaA5U/NyZc1Ia4bxrzFByNMDoppoC+hl7cDiUq5/1CnFthpT9n+UtfFyg==

"@rolldown/binding-freebsd-x64@1.0.0-rc.9":
  version "1.0.0-rc.9"
  resolved "https://registry.npmmirror.com/@rolldown/binding-freebsd-x64/-/binding-freebsd-x64-1.0.0-rc.9.tgz#35c29d7c83aa75429c74d7d1ee9c7d3e61f4552c"
  integrity sha512-DLFYI78SCiZr5VvdEplsVC2Vx53lnA4/Ga5C65iyldMVaErr86aiqCoNBLl92PXPfDtUYjUh+xFFor40ueNs4Q==

"@rolldown/binding-linux-arm-gnueabihf@1.0.0-rc.9":
  version "1.0.0-rc.9"
  resolved "https://registry.npmmirror.com/@rolldown/binding-linux-arm-gnueabihf/-/binding-linux-arm-gnueabihf-1.0.0-rc.9.tgz#36d2bcbcf07f17f18fb2df727a62f16e5295c816"
  integrity sha512-CsjTmTwd0Hri6iTw/DRMK7kOZ7FwAkrO4h8YWKoX/kcj833e4coqo2wzIFywtch/8Eb5enQ/lwLM7w6JX1W5RQ==

"@rolldown/binding-linux-arm64-gnu@1.0.0-rc.9":
  version "1.0.0-rc.9"
  resolved "https://registry.npmmirror.com/@rolldown/binding-linux-arm64-gnu/-/binding-linux-arm64-gnu-1.0.0-rc.9.tgz#5b03c11f2b661a275f2d7628e4f456783e1b9f63"
  integrity sha512-2x9O2JbSPxpxMDhP9Z74mahAStibTlrBMW0520+epJH5sac7/LwZW5Bmg/E6CXuEF53JJFW509uP+lSedaUNxg==

"@rolldown/binding-linux-arm64-musl@1.0.0-rc.9":
  version "1.0.0-rc.9"
  resolved "https://registry.npmmirror.com/@rolldown/binding-linux-arm64-musl/-/binding-linux-arm64-musl-1.0.0-rc.9.tgz#d3cbd1b1760d34b5789af89f4bcc09a1446d3eb5"
  integrity sha512-JA1QRW31ogheAIRhIg9tjMfsYbglXXYGNPLdPEYrwFxdbkQCAzvpSCSHCDWNl4hTtrol8WeboCSEpjdZK8qrCg==

"@rolldown/binding-linux-ppc64-gnu@1.0.0-rc.9":
  version "1.0.0-rc.9"
  resolved "https://registry.npmmirror.com/@rolldown/binding-linux-ppc64-gnu/-/binding-linux-ppc64-gnu-1.0.0-rc.9.tgz#8e971e7f066b2c0876e20c9f6174d645f31efb84"
  integrity sha512-aOKU9dJheda8Kj8Y3w9gnt9QFOO+qKPAl8SWd7JPHP+Cu0EuDAE5wokQubLzIDQWg2myXq2XhTpOVS07qqvT+w==

"@rolldown/binding-linux-s390x-gnu@1.0.0-rc.9":
  version "1.0.0-rc.9"
  resolved "https://registry.npmmirror.com/@rolldown/binding-linux-s390x-gnu/-/binding-linux-s390x-gnu-1.0.0-rc.9.tgz#e7283523780741f07a4441c7c8af5b2550faadf2"
  integrity sha512-OalO94fqj7IWRn3VdXWty75jC5dk4C197AWEuMhIpvVv2lw9fiPhud0+bW2ctCxb3YoBZor71QHbY+9/WToadA==

"@rolldown/binding-linux-x64-gnu@1.0.0-rc.9":
  version "1.0.0-rc.9"
  resolved "https://registry.npmmirror.com/@rolldown/binding-linux-x64-gnu/-/binding-linux-x64-gnu-1.0.0-rc.9.tgz#da2302e079bb5f3a98edf75608621e94f1fb550e"
  integrity sha512-cVEl1vZtBsBZna3YMjGXNvnYYrOJ7RzuWvZU0ffvJUexWkukMaDuGhUXn0rjnV0ptzGVkvc+vW9Yqy6h8YX4pg==

"@rolldown/binding-linux-x64-musl@1.0.0-rc.9":
  version "1.0.0-rc.9"
  resolved "https://registry.npmmirror.com/@rolldown/binding-linux-x64-musl/-/binding-linux-x64-musl-1.0.0-rc.9.tgz#3f27a620d56b93644fd1b6fad58fc2dbe93d5d71"
  integrity sha512-UzYnKCIIc4heAKgI4PZ3dfBGUZefGCJ1TPDuLHoCzgrMYPb5Rv6TLFuYtyM4rWyHM7hymNdsg5ik2C+UD9VDbA==

"@rolldown/binding-openharmony-arm64@1.0.0-rc.9":
  version "1.0.0-rc.9"
  resolved "https://registry.npmmirror.com/@rolldown/binding-openharmony-arm64/-/binding-openharmony-arm64-1.0.0-rc.9.tgz#9c307777157d029aaf8db1a09221b9275dbe5547"
  integrity sha512-+6zoiF+RRyf5cdlFQP7nm58mq7+/2PFaY2DNQeD4B87N36JzfF/l9mdBkkmTvSYcYPE8tMh/o3cRlsx1ldLfog==

"@rolldown/binding-wasm32-wasi@1.0.0-rc.9":
  version "1.0.0-rc.9"
  resolved "https://registry.npmmirror.com/@rolldown/binding-wasm32-wasi/-/binding-wasm32-wasi-1.0.0-rc.9.tgz#c3a82bef0ddd644efa74c050c26223f29f55039c"
  integrity sha512-rgFN6sA/dyebil3YTlL2evvi/M+ivhfnyxec7AccTpRPccno/rPoNlqybEZQBkcbZu8Hy+eqNJCqfBR8P7Pg8g==
  dependencies:
    "@napi-rs/wasm-runtime" "^1.1.1"

"@rolldown/binding-win32-arm64-msvc@1.0.0-rc.9":
  version "1.0.0-rc.9"
  resolved "https://registry.npmmirror.com/@rolldown/binding-win32-arm64-msvc/-/binding-win32-arm64-msvc-1.0.0-rc.9.tgz#27e23cbd53b7095d0b66191ef999327b4684a6cf"
  integrity sha512-lHVNUG/8nlF1IQk1C0Ci574qKYyty2goMiPlRqkC5R+3LkXDkL5Dhx8ytbxq35m+pkHVIvIxviD+TWLdfeuadA==

"@rolldown/binding-win32-x64-msvc@1.0.0-rc.9":
  version "1.0.0-rc.9"
  resolved "https://registry.npmmirror.com/@rolldown/binding-win32-x64-msvc/-/binding-win32-x64-msvc-1.0.0-rc.9.tgz"
  integrity sha512-G0oA4+w1iY5AGi5HcDTxWsoxF509hrFIPB2rduV5aDqS9FtDg1CAfa7V34qImbjfhIcA8C+RekocJZA96EarwQ==

"@rolldown/pluginutils@1.0.0-rc.2":
  version "1.0.0-rc.2"
  resolved "https://registry.npmmirror.com/@rolldown/pluginutils/-/pluginutils-1.0.0-rc.2.tgz"
  integrity sha512-izyXV/v+cHiRfozX62W9htOAvwMo4/bXKDrQ+vom1L1qRuexPock/7VZDAhnpHCLNejd3NJ6hiab+tO0D44Rgw==

"@rolldown/pluginutils@1.0.0-rc.9":
  version "1.0.0-rc.9"
  resolved "https://registry.npmmirror.com/@rolldown/pluginutils/-/pluginutils-1.0.0-rc.9.tgz"
  integrity sha512-w6oiRWgEBl04QkFZgmW+jnU1EC9b57Oihi2ot3HNWIQRqgHp5PnYDia5iZ5FF7rpa4EQdiqMDXjlqKGXBhsoXw==

"@tybys/wasm-util@^0.10.1":
  version "0.10.1"
  resolved "https://registry.npmmirror.com/@tybys/wasm-util/-/wasm-util-0.10.1.tgz#ecddd3205cf1e2d5274649ff0eedd2991ed7f414"
  integrity sha512-9tTaPJLSiejZKx+Bmog4uSubteqTvFrVrURwkmHixBo0G4seD0zUxp98E1DzUBJxLQ3NPwXrGKDiVjwx/DpPsg==
  dependencies:
    tslib "^2.4.0"

"@vitejs/plugin-vue@^6.0.5":
  version "6.0.5"
  resolved "https://registry.npmmirror.com/@vitejs/plugin-vue/-/plugin-vue-6.0.5.tgz"
  integrity sha512-bL3AxKuQySfk1iGcBsQnoRVexTPJq0Z/ixFVM8OhVJAP6ZXXXLtM7NFKWhLl30Kg7uTBqIaPXbh+nuQCuBDedg==
  dependencies:
    "@rolldown/pluginutils" "1.0.0-rc.2"

"@vue-macros/common@^3.1.1":
  version "3.1.2"
  resolved "https://registry.npmmirror.com/@vue-macros/common/-/common-3.1.2.tgz"
  integrity sha512-h9t4ArDdniO9ekYHAD95t9AZcAbb19lEGK+26iAjUODOIJKmObDNBSe4+6ELQAA3vtYiFPPBtHh7+cQCKi3Dng==
  dependencies:
    "@vue/compiler-sfc" "^3.5.22"
    ast-kit "^2.1.2"
    local-pkg "^1.1.2"
    magic-string-ast "^1.0.2"
    unplugin-utils "^0.3.0"

"@vue/compiler-core@3.5.30":
  version "3.5.30"
  resolved "https://registry.npmmirror.com/@vue/compiler-core/-/compiler-core-3.5.30.tgz"
  integrity sha512-s3DfdZkcu/qExZ+td75015ljzHc6vE+30cFMGRPROYjqkroYI5NV2X1yAMX9UeyBNWB9MxCfPcsjpLS11nzkkw==
  dependencies:
    "@babel/parser" "^7.29.0"
    "@vue/shared" "3.5.30"
    entities "^7.0.1"
    estree-walker "^2.0.2"
    source-map-js "^1.2.1"

"@vue/compiler-dom@3.5.30":
  version "3.5.30"
  resolved "https://registry.npmmirror.com/@vue/compiler-dom/-/compiler-dom-3.5.30.tgz"
  integrity sha512-eCFYESUEVYHhiMuK4SQTldO3RYxyMR/UQL4KdGD1Yrkfdx4m/HYuZ9jSfPdA+nWJY34VWndiYdW/wZXyiPEB9g==
  dependencies:
    "@vue/compiler-core" "3.5.30"
    "@vue/shared" "3.5.30"

"@vue/compiler-sfc@3.5.30", "@vue/compiler-sfc@^3.5.22":
  version "3.5.30"
  resolved "https://registry.npmmirror.com/@vue/compiler-sfc/-/compiler-sfc-3.5.30.tgz"
  integrity sha512-LqmFPDn89dtU9vI3wHJnwaV6GfTRD87AjWpTWpyrdVOObVtjIuSeZr181z5C4PmVx/V3j2p+0f7edFKGRMpQ5A==
  dependencies:
    "@babel/parser" "^7.29.0"
    "@vue/compiler-core" "3.5.30"
    "@vue/compiler-dom" "3.5.30"
    "@vue/compiler-ssr" "3.5.30"
    "@vue/shared" "3.5.30"
    estree-walker "^2.0.2"
    magic-string "^0.30.21"
    postcss "^8.5.8"
    source-map-js "^1.2.1"

"@vue/compiler-ssr@3.5.30":
  version "3.5.30"
  resolved "https://registry.npmmirror.com/@vue/compiler-ssr/-/compiler-ssr-3.5.30.tgz"
  integrity sha512-NsYK6OMTnx109PSL2IAyf62JP6EUdk4Dmj6AkWcJGBvN0dQoMYtVekAmdqgTtWQgEJo+Okstbf/1p7qZr5H+bA==
  dependencies:
    "@vue/compiler-dom" "3.5.30"
    "@vue/shared" "3.5.30"

"@vue/devtools-api@^8.0.6":
  version "8.1.0"
  resolved "https://registry.npmmirror.com/@vue/devtools-api/-/devtools-api-8.1.0.tgz"
  integrity sha512-O44X57jjkLKbLEc4OgL/6fEPOOanRJU8kYpCE8qfKlV96RQZcdzrcLI5mxMuVRUeXhHKIHGhCpHacyCk0HyO4w==
  dependencies:
    "@vue/devtools-kit" "^8.1.0"

"@vue/devtools-kit@^8.1.0":
  version "8.1.0"
  resolved "https://registry.npmmirror.com/@vue/devtools-kit/-/devtools-kit-8.1.0.tgz"
  integrity sha512-/NZlS4WtGIB54DA/z10gzk+n/V7zaqSzYZOVlg2CfdnpIKdB61bd7JDIMxf/zrtX41zod8E2/bbEBoW/d7x70Q==
  dependencies:
    "@vue/devtools-shared" "^8.1.0"
    birpc "^2.6.1"
    hookable "^5.5.3"
    perfect-debounce "^2.0.0"

"@vue/devtools-shared@^8.1.0":
  version "8.1.0"
  resolved "https://registry.npmmirror.com/@vue/devtools-shared/-/devtools-shared-8.1.0.tgz"
  integrity sha512-h8uCb4Qs8UT8VdTT5yjY6tOJ//qH7EpxToixR0xqejR55t5OdISIg7AJ7eBkhBs8iu1qG5gY3QQNN1DF1EelAA==

"@vue/reactivity@3.5.30":
  version "3.5.30"
  resolved "https://registry.npmmirror.com/@vue/reactivity/-/reactivity-3.5.30.tgz"
  integrity sha512-179YNgKATuwj9gB+66snskRDOitDiuOZqkYia7mHKJaidOMo/WJxHKF8DuGc4V4XbYTJANlfEKb0yxTQotnx4Q==
  dependencies:
    "@vue/shared" "3.5.30"

"@vue/runtime-core@3.5.30":
  version "3.5.30"
  resolved "https://registry.npmmirror.com/@vue/runtime-core/-/runtime-core-3.5.30.tgz"
  integrity sha512-e0Z+8PQsUTdwV8TtEsLzUM7SzC7lQwYKePydb7K2ZnmS6jjND+WJXkmmfh/swYzRyfP1EY3fpdesyYoymCzYfg==
  dependencies:
    "@vue/reactivity" "3.5.30"
    "@vue/shared" "3.5.30"

"@vue/runtime-dom@3.5.30":
  version "3.5.30"
  resolved "https://registry.npmmirror.com/@vue/runtime-dom/-/runtime-dom-3.5.30.tgz"
  integrity sha512-2UIGakjU4WSQ0T4iwDEW0W7vQj6n7AFn7taqZ9Cvm0Q/RA2FFOziLESrDL4GmtI1wV3jXg5nMoJSYO66egDUBw==
  dependencies:
    "@vue/reactivity" "3.5.30"
    "@vue/runtime-core" "3.5.30"
    "@vue/shared" "3.5.30"
    csstype "^3.2.3"

"@vue/server-renderer@3.5.30":
  version "3.5.30"
  resolved "https://registry.npmmirror.com/@vue/server-renderer/-/server-renderer-3.5.30.tgz"
  integrity sha512-v+R34icapydRwbZRD0sXwtHqrQJv38JuMB4JxbOxd8NEpGLny7cncMp53W9UH/zo4j8eDHjQ1dEJXwzFQknjtQ==
  dependencies:
    "@vue/compiler-ssr" "3.5.30"
    "@vue/shared" "3.5.30"

"@vue/shared@3.5.30":
  version "3.5.30"
  resolved "https://registry.npmmirror.com/@vue/shared/-/shared-3.5.30.tgz"
  integrity sha512-YXgQ7JjaO18NeK2K9VTbDHaFy62WrObMa6XERNfNOkAhD1F1oDSf3ZJ7K6GqabZ0BvSDHajp8qfS5Sa2I9n8uQ==

acorn@^8.16.0:
  version "8.16.0"
  resolved "https://registry.npmmirror.com/acorn/-/acorn-8.16.0.tgz"
  integrity sha512-UVJyE9MttOsBQIDKw1skb9nAwQuR5wuGD3+82K6JgJlm/Y+KI92oNsMNGZCYdDsVtRHSak0pcV5Dno5+4jh9sw==

ast-kit@^2.1.2, ast-kit@^2.1.3:
  version "2.2.0"
  resolved "https://registry.npmmirror.com/ast-kit/-/ast-kit-2.2.0.tgz"
  integrity sha512-m1Q/RaVOnTp9JxPX+F+Zn7IcLYMzM8kZofDImfsKZd8MbR+ikdOzTeztStWqfrqIxZnYWryyI9ePm3NGjnZgGw==
  dependencies:
    "@babel/parser" "^7.28.5"
    pathe "^2.0.3"

ast-walker-scope@^0.8.3:
  version "0.8.3"
  resolved "https://registry.npmmirror.com/ast-walker-scope/-/ast-walker-scope-0.8.3.tgz"
  integrity sha512-cbdCP0PGOBq0ASG+sjnKIoYkWMKhhz+F/h9pRexUdX2Hd38+WOlBkRKlqkGOSm0YQpcFMQBJeK4WspUAkwsEdg==
  dependencies:
    "@babel/parser" "^7.28.4"
    ast-kit "^2.1.3"

asynckit@^0.4.0:
  version "0.4.0"
  resolved "https://registry.npmmirror.com/asynckit/-/asynckit-0.4.0.tgz"
  integrity sha512-Oei9OH4tRh0YqU3GxhX79dM/mwVgvbZJaSNaRk+bshkj0S5cfHcgYakreBjrHwatXKbz+IoIdYLxrKim2MjW0Q==

axios@^1.13.6:
  version "1.13.6"
  resolved "https://registry.npmmirror.com/axios/-/axios-1.13.6.tgz"
  integrity sha512-ChTCHMouEe2kn713WHbQGcuYrr6fXTBiu460OTwWrWob16g1bXn4vtz07Ope7ewMozJAnEquLk5lWQWtBig9DQ==
  dependencies:
    follow-redirects "^1.15.11"
    form-data "^4.0.5"
    proxy-from-env "^1.1.0"

birpc@^2.6.1:
  version "2.9.0"
  resolved "https://registry.npmmirror.com/birpc/-/birpc-2.9.0.tgz"
  integrity sha512-KrayHS5pBi69Xi9JmvoqrIgYGDkD6mcSe/i6YKi3w5kekCLzrX4+nawcXqrj2tIp50Kw/mT/s3p+GVK0A0sKxw==

call-bind-apply-helpers@^1.0.1, call-bind-apply-helpers@^1.0.2:
  version "1.0.2"
  resolved "https://registry.npmmirror.com/call-bind-apply-helpers/-/call-bind-apply-helpers-1.0.2.tgz"
  integrity sha512-Sp1ablJ0ivDkSzjcaJdxEunN5/XvksFJ2sMBFfq6x0ryhQV/2b/KwFe21cMpmHtPOSij8K99/wSfoEuTObmuMQ==
  dependencies:
    es-errors "^1.3.0"
    function-bind "^1.1.2"

chokidar@^5.0.0:
  version "5.0.0"
  resolved "https://registry.npmmirror.com/chokidar/-/chokidar-5.0.0.tgz"
  integrity sha512-TQMmc3w+5AxjpL8iIiwebF73dRDF4fBIieAqGn9RGCWaEVwQ6Fb2cGe31Yns0RRIzii5goJ1Y7xbMwo1TxMplw==
  dependencies:
    readdirp "^5.0.0"

combined-stream@^1.0.8:
  version "1.0.8"
  resolved "https://registry.npmmirror.com/combined-stream/-/combined-stream-1.0.8.tgz"
  integrity sha512-FQN4MRfuJeHf7cBbBMJFXhKSDq+2kAArBlmRBvcvFE5BB1HZKXtSFASDhdlz9zOYwxh8lDdnvmMOe/+5cdoEdg==
  dependencies:
    delayed-stream "~1.0.0"

confbox@^0.1.8:
  version "0.1.8"
  resolved "https://registry.npmmirror.com/confbox/-/confbox-0.1.8.tgz"
  integrity sha512-RMtmw0iFkeR4YV+fUOSucriAQNb9g8zFR52MWCtl+cCZOFRNL6zeB395vPzFhEjjn4fMxXudmELnl/KF/WrK6w==

confbox@^0.2.2:
  version "0.2.4"
  resolved "https://registry.npmmirror.com/confbox/-/confbox-0.2.4.tgz"
  integrity sha512-ysOGlgTFbN2/Y6Cg3Iye8YKulHw+R2fNXHrgSmXISQdMnomY6eNDprVdW9R5xBguEqI954+S6709UyiO7B+6OQ==

csstype@^3.2.3:
  version "3.2.3"
  resolved "https://registry.npmmirror.com/csstype/-/csstype-3.2.3.tgz"
  integrity sha512-z1HGKcYy2xA8AGQfwrn0PAy+PB7X/GSj3UVJW9qKyn43xWa+gl5nXmU4qqLMRzWVLFC8KusUX8T/0kCiOYpAIQ==

delayed-stream@~1.0.0:
  version "1.0.0"
  resolved "https://registry.npmmirror.com/delayed-stream/-/delayed-stream-1.0.0.tgz"
  integrity sha512-ZySD7Nf91aLB0RxL4KGrKHBXl7Eds1DAmEdcoVawXnLD7SDhpNgtuII2aAkg7a7QS41jxPSZ17p4VdGnMHk3MQ==

detect-libc@^2.0.3:
  version "2.1.2"
  resolved "https://registry.npmmirror.com/detect-libc/-/detect-libc-2.1.2.tgz"
  integrity sha512-Btj2BOOO83o3WyH59e8MgXsxEQVcarkUOpEYrubB0urwnN10yQ364rsiByU11nZlqWYZm05i/of7io4mzihBtQ==

dunder-proto@^1.0.1:
  version "1.0.1"
  resolved "https://registry.npmmirror.com/dunder-proto/-/dunder-proto-1.0.1.tgz"
  integrity sha512-KIN/nDJBQRcXw0MLVhZE9iQHmG68qAVIBg9CqmUYjmQIhgij9U5MFvrqkUL5FbtyyzZuOeOt0zdeRe4UY7ct+A==
  dependencies:
    call-bind-apply-helpers "^1.0.1"
    es-errors "^1.3.0"
    gopd "^1.2.0"

entities@^7.0.1:
  version "7.0.1"
  resolved "https://registry.npmmirror.com/entities/-/entities-7.0.1.tgz"
  integrity sha512-TWrgLOFUQTH994YUyl1yT4uyavY5nNB5muff+RtWaqNVCAK408b5ZnnbNAUEWLTCpum9w6arT70i1XdQ4UeOPA==

es-define-property@^1.0.1:
  version "1.0.1"
  resolved "https://registry.npmmirror.com/es-define-property/-/es-define-property-1.0.1.tgz"
  integrity sha512-e3nRfgfUZ4rNGL232gUgX06QNyyez04KdjFrF+LTRoOXmrOgFKDg4BCdsjW8EnT69eqdYGmRpJwiPVYNrCaW3g==

es-errors@^1.3.0:
  version "1.3.0"
  resolved "https://registry.npmmirror.com/es-errors/-/es-errors-1.3.0.tgz"
  integrity sha512-Zf5H2Kxt2xjTvbJvP2ZWLEICxA6j+hAmMzIlypy4xcBg1vKVnx89Wy0GbS+kf5cwCVFFzdCFh2XSCFNULS6csw==

es-object-atoms@^1.0.0, es-object-atoms@^1.1.1:
  version "1.1.1"
  resolved "https://registry.npmmirror.com/es-object-atoms/-/es-object-atoms-1.1.1.tgz"
  integrity sha512-FGgH2h8zKNim9ljj7dankFPcICIK9Cp5bm+c2gQSYePhpaG5+esrLODihIorn+Pe6FGJzWhXQotPv73jTaldXA==
  dependencies:
    es-errors "^1.3.0"

es-set-tostringtag@^2.1.0:
  version "2.1.0"
  resolved "https://registry.npmmirror.com/es-set-tostringtag/-/es-set-tostringtag-2.1.0.tgz"
  integrity sha512-j6vWzfrGVfyXxge+O0x5sh6cvxAog0a/4Rdd2K36zCMV5eJ+/+tOAngRO8cODMNWbVRdVlmGZQL2YS3yR8bIUA==
  dependencies:
    es-errors "^1.3.0"
    get-intrinsic "^1.2.6"
    has-tostringtag "^1.0.2"
    hasown "^2.0.2"

estree-walker@^2.0.2:
  version "2.0.2"
  resolved "https://registry.npmmirror.com/estree-walker/-/estree-walker-2.0.2.tgz"
  integrity sha512-Rfkk/Mp/DL7JVje3u18FxFujQlTNR2q6QfMSMB7AvCBx91NGj/ba3kCfza0f6dVDbw7YlRf/nDrn7pQrCCyQ/w==

exsolve@^1.0.7:
  version "1.0.8"
  resolved "https://registry.npmmirror.com/exsolve/-/exsolve-1.0.8.tgz"
  integrity sha512-LmDxfWXwcTArk8fUEnOfSZpHOJ6zOMUJKOtFLFqJLoKJetuQG874Uc7/Kki7zFLzYybmZhp1M7+98pfMqeX8yA==

fdir@^6.5.0:
  version "6.5.0"
  resolved "https://registry.npmmirror.com/fdir/-/fdir-6.5.0.tgz"
  integrity sha512-tIbYtZbucOs0BRGqPJkshJUYdL+SDH7dVM8gjy+ERp3WAUjLEFJE+02kanyHtwjWOnwrKYBiwAmM0p4kLJAnXg==

follow-redirects@^1.15.11:
  version "1.15.11"
  resolved "https://registry.npmmirror.com/follow-redirects/-/follow-redirects-1.15.11.tgz"
  integrity sha512-deG2P0JfjrTxl50XGCDyfI97ZGVCxIpfKYmfyrQ54n5FO/0gfIES8C/Psl6kWVDolizcaaxZJnTS0QSMxvnsBQ==

form-data@^4.0.5:
  version "4.0.5"
  resolved "https://registry.npmmirror.com/form-data/-/form-data-4.0.5.tgz"
  integrity sha512-8RipRLol37bNs2bhoV67fiTEvdTrbMUYcFTiy3+wuuOnUog2QBHCZWXDRijWQfAkhBj2Uf5UnVaiWwA5vdd82w==
  dependencies:
    asynckit "^0.4.0"
    combined-stream "^1.0.8"
    es-set-tostringtag "^2.1.0"
    hasown "^2.0.2"
    mime-types "^2.1.12"

fsevents@~2.3.3:
  version "2.3.3"
  resolved "https://registry.npmmirror.com/fsevents/-/fsevents-2.3.3.tgz#cac6407785d03675a2a5e1a5305c697b347d90d6"
  integrity sha512-5xoDfX+fL7faATnagmWPpbFtwh/R77WmMMqqHGS65C3vvB0YHrgF+B1YmZ3441tMj5n63k0212XNoJwzlhffQw==

function-bind@^1.1.2:
  version "1.1.2"
  resolved "https://registry.npmmirror.com/function-bind/-/function-bind-1.1.2.tgz"
  integrity sha512-7XHNxH7qX9xG5mIwxkhumTox/MIRNcOgDrxWsMt2pAr23WHp6MrRlN7FBSFpCpr+oVO0F744iUgR82nJMfG2SA==

get-intrinsic@^1.2.6:
  version "1.3.0"
  resolved "https://registry.npmmirror.com/get-intrinsic/-/get-intrinsic-1.3.0.tgz"
  integrity sha512-9fSjSaos/fRIVIp+xSJlE6lfwhES7LNtKaCBIamHsjr2na1BiABJPo0mOjjz8GJDURarmCPGqaiVg5mfjb98CQ==
  dependencies:
    call-bind-apply-helpers "^1.0.2"
    es-define-property "^1.0.1"
    es-errors "^1.3.0"
    es-object-atoms "^1.1.1"
    function-bind "^1.1.2"
    get-proto "^1.0.1"
    gopd "^1.2.0"
    has-symbols "^1.1.0"
    hasown "^2.0.2"
    math-intrinsics "^1.1.0"

get-proto@^1.0.1:
  version "1.0.1"
  resolved "https://registry.npmmirror.com/get-proto/-/get-proto-1.0.1.tgz"
  integrity sha512-sTSfBjoXBp89JvIKIefqw7U2CCebsc74kiY6awiGogKtoSGbgjYE/G/+l9sF3MWFPNc9IcoOC4ODfKHfxFmp0g==
  dependencies:
    dunder-proto "^1.0.1"
    es-object-atoms "^1.0.0"

gopd@^1.2.0:
  version "1.2.0"
  resolved "https://registry.npmmirror.com/gopd/-/gopd-1.2.0.tgz"
  integrity sha512-ZUKRh6/kUFoAiTAtTYPZJ3hw9wNxx+BIBOijnlG9PnrJsCcSjs1wyyD6vJpaYtgnzDrKYRSqf3OO6Rfa93xsRg==

has-symbols@^1.0.3, has-symbols@^1.1.0:
  version "1.1.0"
  resolved "https://registry.npmmirror.com/has-symbols/-/has-symbols-1.1.0.tgz"
  integrity sha512-1cDNdwJ2Jaohmb3sg4OmKaMBwuC48sYni5HUw2DvsC8LjGTLK9h+eb1X6RyuOHe4hT0ULCW68iomhjUoKUqlPQ==

has-tostringtag@^1.0.2:
  version "1.0.2"
  resolved "https://registry.npmmirror.com/has-tostringtag/-/has-tostringtag-1.0.2.tgz"
  integrity sha512-NqADB8VjPFLM2V0VvHUewwwsw0ZWBaIdgo+ieHtK3hasLz4qeCRjYcqfB6AQrBggRKppKF8L52/VqdVsO47Dlw==
  dependencies:
    has-symbols "^1.0.3"

hasown@^2.0.2:
  version "2.0.2"
  resolved "https://registry.npmmirror.com/hasown/-/hasown-2.0.2.tgz"
  integrity sha512-0hJU9SCPvmMzIBdZFqNPXWa6dqh7WdH0cII9y+CyS8rG3nL48Bclra9HmKhVVUHyPWNH5Y7xDwAB7bfgSjkUMQ==
  dependencies:
    function-bind "^1.1.2"

hookable@^5.5.3:
  version "5.5.3"
  resolved "https://registry.npmmirror.com/hookable/-/hookable-5.5.3.tgz"
  integrity sha512-Yc+BQe8SvoXH1643Qez1zqLRmbA5rCL+sSmk6TVos0LWVfNIB7PGncdlId77WzLGSIB5KaWgTaNTs2lNVEI6VQ==

jsesc@^3.0.2:
  version "3.1.0"
  resolved "https://registry.npmmirror.com/jsesc/-/jsesc-3.1.0.tgz"
  integrity sha512-/sM3dO2FOzXjKQhJuo0Q173wf2KOo8t4I8vHy6lF9poUp7bKT0/NHE8fPX23PwfhnykfqnC2xRxOnVw5XuGIaA==

json5@^2.2.3:
  version "2.2.3"
  resolved "https://registry.npmmirror.com/json5/-/json5-2.2.3.tgz"
  integrity sha512-XmOWe7eyHYH14cLdVPoyg+GOH3rYX++KpzrylJwSW98t3Nk+U8XOl8FWKOgwtzdb8lXGf6zYwDUzeHMWfxasyg==

lightningcss-android-arm64@1.32.0:
  version "1.32.0"
  resolved "https://registry.npmmirror.com/lightningcss-android-arm64/-/lightningcss-android-arm64-1.32.0.tgz#f033885116dfefd9c6f54787523e3514b61e1968"
  integrity sha512-YK7/ClTt4kAK0vo6w3X+Pnm0D2cf2vPHbhOXdoNti1Ga0al1P4TBZhwjATvjNwLEBCnKvjJc2jQgHXH0NEwlAg==

lightningcss-darwin-arm64@1.32.0:
  version "1.32.0"
  resolved "https://registry.npmmirror.com/lightningcss-darwin-arm64/-/lightningcss-darwin-arm64-1.32.0.tgz#50b71871b01c8199584b649e292547faea7af9b5"
  integrity sha512-RzeG9Ju5bag2Bv1/lwlVJvBE3q6TtXskdZLLCyfg5pt+HLz9BqlICO7LZM7VHNTTn/5PRhHFBSjk5lc4cmscPQ==

lightningcss-darwin-x64@1.32.0:
  version "1.32.0"
  resolved "https://registry.npmmirror.com/lightningcss-darwin-x64/-/lightningcss-darwin-x64-1.32.0.tgz#35f3e97332d130b9ca181e11b568ded6aebc6d5e"
  integrity sha512-U+QsBp2m/s2wqpUYT/6wnlagdZbtZdndSmut/NJqlCcMLTWp5muCrID+K5UJ6jqD2BFshejCYXniPDbNh73V8w==

lightningcss-freebsd-x64@1.32.0:
  version "1.32.0"
  resolved "https://registry.npmmirror.com/lightningcss-freebsd-x64/-/lightningcss-freebsd-x64-1.32.0.tgz#9777a76472b64ed6ff94342ad64c7bafd794a575"
  integrity sha512-JCTigedEksZk3tHTTthnMdVfGf61Fky8Ji2E4YjUTEQX14xiy/lTzXnu1vwiZe3bYe0q+SpsSH/CTeDXK6WHig==

lightningcss-linux-arm-gnueabihf@1.32.0:
  version "1.32.0"
  resolved "https://registry.npmmirror.com/lightningcss-linux-arm-gnueabihf/-/lightningcss-linux-arm-gnueabihf-1.32.0.tgz#13ae652e1ab73b9135d7b7da172f666c410ad53d"
  integrity sha512-x6rnnpRa2GL0zQOkt6rts3YDPzduLpWvwAF6EMhXFVZXD4tPrBkEFqzGowzCsIWsPjqSK+tyNEODUBXeeVHSkw==

lightningcss-linux-arm64-gnu@1.32.0:
  version "1.32.0"
  resolved "https://registry.npmmirror.com/lightningcss-linux-arm64-gnu/-/lightningcss-linux-arm64-gnu-1.32.0.tgz#417858795a94592f680123a1b1f9da8a0e1ef335"
  integrity sha512-0nnMyoyOLRJXfbMOilaSRcLH3Jw5z9HDNGfT/gwCPgaDjnx0i8w7vBzFLFR1f6CMLKF8gVbebmkUN3fa/kQJpQ==

lightningcss-linux-arm64-musl@1.32.0:
  version "1.32.0"
  resolved "https://registry.npmmirror.com/lightningcss-linux-arm64-musl/-/lightningcss-linux-arm64-musl-1.32.0.tgz#6be36692e810b718040802fd809623cffe732133"
  integrity sha512-UpQkoenr4UJEzgVIYpI80lDFvRmPVg6oqboNHfoH4CQIfNA+HOrZ7Mo7KZP02dC6LjghPQJeBsvXhJod/wnIBg==

lightningcss-linux-x64-gnu@1.32.0:
  version "1.32.0"
  resolved "https://registry.npmmirror.com/lightningcss-linux-x64-gnu/-/lightningcss-linux-x64-gnu-1.32.0.tgz#0b7803af4eb21cfd38dd39fe2abbb53c7dd091f6"
  integrity sha512-V7Qr52IhZmdKPVr+Vtw8o+WLsQJYCTd8loIfpDaMRWGUZfBOYEJeyJIkqGIDMZPwPx24pUMfwSxxI8phr/MbOA==

lightningcss-linux-x64-musl@1.32.0:
  version "1.32.0"
  resolved "https://registry.npmmirror.com/lightningcss-linux-x64-musl/-/lightningcss-linux-x64-musl-1.32.0.tgz#88dc8ba865ddddb1ac5ef04b0f161804418c163b"
  integrity sha512-bYcLp+Vb0awsiXg/80uCRezCYHNg1/l3mt0gzHnWV9XP1W5sKa5/TCdGWaR/zBM2PeF/HbsQv/j2URNOiVuxWg==

lightningcss-win32-arm64-msvc@1.32.0:
  version "1.32.0"
  resolved "https://registry.npmmirror.com/lightningcss-win32-arm64-msvc/-/lightningcss-win32-arm64-msvc-1.32.0.tgz#4f30ba3fa5e925f5b79f945e8cc0d176c3b1ab38"
  integrity sha512-8SbC8BR40pS6baCM8sbtYDSwEVQd4JlFTOlaD3gWGHfThTcABnNDBda6eTZeqbofalIJhFx0qKzgHJmcPTnGdw==

lightningcss-win32-x64-msvc@1.32.0:
  version "1.32.0"
  resolved "https://registry.npmmirror.com/lightningcss-win32-x64-msvc/-/lightningcss-win32-x64-msvc-1.32.0.tgz"
  integrity sha512-Amq9B/SoZYdDi1kFrojnoqPLxYhQ4Wo5XiL8EVJrVsB8ARoC1PWW6VGtT0WKCemjy8aC+louJnjS7U18x3b06Q==

lightningcss@^1.32.0:
  version "1.32.0"
  resolved "https://registry.npmmirror.com/lightningcss/-/lightningcss-1.32.0.tgz"
  integrity sha512-NXYBzinNrblfraPGyrbPoD19C1h9lfI/1mzgWYvXUTe414Gz/X1FD2XBZSZM7rRTrMA8JL3OtAaGifrIKhQ5yQ==
  dependencies:
    detect-libc "^2.0.3"
  optionalDependencies:
    lightningcss-android-arm64 "1.32.0"
    lightningcss-darwin-arm64 "1.32.0"
    lightningcss-darwin-x64 "1.32.0"
    lightningcss-freebsd-x64 "1.32.0"
    lightningcss-linux-arm-gnueabihf "1.32.0"
    lightningcss-linux-arm64-gnu "1.32.0"
    lightningcss-linux-arm64-musl "1.32.0"
    lightningcss-linux-x64-gnu "1.32.0"
    lightningcss-linux-x64-musl "1.32.0"
    lightningcss-win32-arm64-msvc "1.32.0"
    lightningcss-win32-x64-msvc "1.32.0"

local-pkg@^1.1.2:
  version "1.1.2"
  resolved "https://registry.npmmirror.com/local-pkg/-/local-pkg-1.1.2.tgz"
  integrity sha512-arhlxbFRmoQHl33a0Zkle/YWlmNwoyt6QNZEIJcqNbdrsix5Lvc4HyyI3EnwxTYlZYc32EbYrQ8SzEZ7dqgg9A==
  dependencies:
    mlly "^1.7.4"
    pkg-types "^2.3.0"
    quansync "^0.2.11"

magic-string-ast@^1.0.2:
  version "1.0.3"
  resolved "https://registry.npmmirror.com/magic-string-ast/-/magic-string-ast-1.0.3.tgz"
  integrity sha512-CvkkH1i81zl7mmb94DsRiFeG9V2fR2JeuK8yDgS8oiZSFa++wWLEgZ5ufEOyLHbvSbD1gTRKv9NdX69Rnvr9JA==
  dependencies:
    magic-string "^0.30.19"

magic-string@^0.30.19, magic-string@^0.30.21:
  version "0.30.21"
  resolved "https://registry.npmmirror.com/magic-string/-/magic-string-0.30.21.tgz"
  integrity sha512-vd2F4YUyEXKGcLHoq+TEyCjxueSeHnFxyyjNp80yg0XV4vUhnDer/lvvlqM/arB5bXQN5K2/3oinyCRyx8T2CQ==
  dependencies:
    "@jridgewell/sourcemap-codec" "^1.5.5"

math-intrinsics@^1.1.0:
  version "1.1.0"
  resolved "https://registry.npmmirror.com/math-intrinsics/-/math-intrinsics-1.1.0.tgz"
  integrity sha512-/IXtbwEk5HTPyEwyKX6hGkYXxM9nbj64B+ilVJnC/R6B0pH5G4V3b0pVbL7DBj4tkhBAppbQUlf6F6Xl9LHu1g==

mime-db@1.52.0:
  version "1.52.0"
  resolved "https://registry.npmmirror.com/mime-db/-/mime-db-1.52.0.tgz"
  integrity sha512-sPU4uV7dYlvtWJxwwxHD0PuihVNiE7TyAbQ5SWxDCB9mUYvOgroQOwYQQOKPJ8CIbE+1ETVlOoK1UC2nU3gYvg==

mime-types@^2.1.12:
  version "2.1.35"
  resolved "https://registry.npmmirror.com/mime-types/-/mime-types-2.1.35.tgz"
  integrity sha512-ZDY+bPm5zTTF+YpCrAU9nK0UgICYPT0QtT1NZWFv4s++TNkcgVaT0g6+4R2uI4MjQjzysHB1zxuWL50hzaeXiw==
  dependencies:
    mime-db "1.52.0"

mlly@^1.7.4, mlly@^1.8.0:
  version "1.8.1"
  resolved "https://registry.npmmirror.com/mlly/-/mlly-1.8.1.tgz"
  integrity sha512-SnL6sNutTwRWWR/vcmCYHSADjiEesp5TGQQ0pXyLhW5IoeibRlF/CbSLailbB3CNqJUk9cVJ9dUDnbD7GrcHBQ==
  dependencies:
    acorn "^8.16.0"
    pathe "^2.0.3"
    pkg-types "^1.3.1"
    ufo "^1.6.3"

muggle-string@^0.4.1:
  version "0.4.1"
  resolved "https://registry.npmmirror.com/muggle-string/-/muggle-string-0.4.1.tgz"
  integrity sha512-VNTrAak/KhO2i8dqqnqnAHOa3cYBwXEZe9h+D5h/1ZqFSTEFHdM65lR7RoIqq3tBBYavsOXV84NoHXZ0AkPyqQ==

nanoid@^3.3.11:
  version "3.3.11"
  resolved "https://registry.npmmirror.com/nanoid/-/nanoid-3.3.11.tgz"
  integrity sha512-N8SpfPUnUp1bK+PMYW8qSWdl9U+wwNWI4QKxOYDy9JAro3WMX7p2OeVRF9v+347pnakNevPmiHhNmZ2HbFA76w==

pathe@^2.0.1, pathe@^2.0.3:
  version "2.0.3"
  resolved "https://registry.npmmirror.com/pathe/-/pathe-2.0.3.tgz"
  integrity sha512-WUjGcAqP1gQacoQe+OBJsFA7Ld4DyXuUIjZ5cc75cLHvJ7dtNsTugphxIADwspS+AraAUePCKrSVtPLFj/F88w==

perfect-debounce@^2.0.0:
  version "2.1.0"
  resolved "https://registry.npmmirror.com/perfect-debounce/-/perfect-debounce-2.1.0.tgz"
  integrity sha512-LjgdTytVFXeUgtHZr9WYViYSM/g8MkcTPYDlPa3cDqMirHjKiSZPYd6DoL7pK8AJQr+uWkQvCjHNdiMqsrJs+g==

picocolors@^1.1.1:
  version "1.1.1"
  resolved "https://registry.npmmirror.com/picocolors/-/picocolors-1.1.1.tgz"
  integrity sha512-xceH2snhtb5M9liqDsmEw56le376mTZkEX/jEb/RxNFyegNul7eNslCXP9FDj/Lcu0X8KEyMceP2ntpaHrDEVA==

picomatch@^4.0.3:
  version "4.0.3"
  resolved "https://registry.npmmirror.com/picomatch/-/picomatch-4.0.3.tgz"
  integrity sha512-5gTmgEY/sqK6gFXLIsQNH19lWb4ebPDLA4SdLP7dsWkIXHWlG66oPuVvXSGFPppYZz8ZDZq0dYYrbHfBCVUb1Q==

pkg-types@^1.3.1:
  version "1.3.1"
  resolved "https://registry.npmmirror.com/pkg-types/-/pkg-types-1.3.1.tgz"
  integrity sha512-/Jm5M4RvtBFVkKWRu2BLUTNP8/M2a+UwuAX+ae4770q1qVGtfjG+WTCupoZixokjmHiry8uI+dlY8KXYV5HVVQ==
  dependencies:
    confbox "^0.1.8"
    mlly "^1.7.4"
    pathe "^2.0.1"

pkg-types@^2.3.0:
  version "2.3.0"
  resolved "https://registry.npmmirror.com/pkg-types/-/pkg-types-2.3.0.tgz"
  integrity sha512-SIqCzDRg0s9npO5XQ3tNZioRY1uK06lA41ynBC1YmFTmnY6FjUjVt6s4LoADmwoig1qqD0oK8h1p/8mlMx8Oig==
  dependencies:
    confbox "^0.2.2"
    exsolve "^1.0.7"
    pathe "^2.0.3"

postcss@^8.5.8:
  version "8.5.8"
  resolved "https://registry.npmmirror.com/postcss/-/postcss-8.5.8.tgz"
  integrity sha512-OW/rX8O/jXnm82Ey1k44pObPtdblfiuWnrd8X7GJ7emImCOstunGbXUpp7HdBrFQX6rJzn3sPT397Wp5aCwCHg==
  dependencies:
    nanoid "^3.3.11"
    picocolors "^1.1.1"
    source-map-js "^1.2.1"

proxy-from-env@^1.1.0:
  version "1.1.0"
  resolved "https://registry.npmmirror.com/proxy-from-env/-/proxy-from-env-1.1.0.tgz"
  integrity sha512-D+zkORCbA9f1tdWRK0RaCR3GPv50cMxcrz4X8k5LTSUD1Dkw47mKJEZQNunItRTkWwgtaUSo1RVFRIG9ZXiFYg==

quansync@^0.2.11:
  version "0.2.11"
  resolved "https://registry.npmmirror.com/quansync/-/quansync-0.2.11.tgz"
  integrity sha512-AifT7QEbW9Nri4tAwR5M/uzpBuqfZf+zwaEM/QkzEjj7NBuFD2rBuy0K3dE+8wltbezDV7JMA0WfnCPYRSYbXA==

readdirp@^5.0.0:
  version "5.0.0"
  resolved "https://registry.npmmirror.com/readdirp/-/readdirp-5.0.0.tgz"
  integrity sha512-9u/XQ1pvrQtYyMpZe7DXKv2p5CNvyVwzUB6uhLAnQwHMSgKMBR62lc7AHljaeteeHXn11XTAaLLUVZYVZyuRBQ==

rolldown@1.0.0-rc.9:
  version "1.0.0-rc.9"
  resolved "https://registry.npmmirror.com/rolldown/-/rolldown-1.0.0-rc.9.tgz"
  integrity sha512-9EbgWge7ZH+yqb4d2EnELAntgPTWbfL8ajiTW+SyhJEC4qhBbkCKbqFV4Ge4zmu5ziQuVbWxb/XwLZ+RIO7E8Q==
  dependencies:
    "@oxc-project/types" "=0.115.0"
    "@rolldown/pluginutils" "1.0.0-rc.9"
  optionalDependencies:
    "@rolldown/binding-android-arm64" "1.0.0-rc.9"
    "@rolldown/binding-darwin-arm64" "1.0.0-rc.9"
    "@rolldown/binding-darwin-x64" "1.0.0-rc.9"
    "@rolldown/binding-freebsd-x64" "1.0.0-rc.9"
    "@rolldown/binding-linux-arm-gnueabihf" "1.0.0-rc.9"
    "@rolldown/binding-linux-arm64-gnu" "1.0.0-rc.9"
    "@rolldown/binding-linux-arm64-musl" "1.0.0-rc.9"
    "@rolldown/binding-linux-ppc64-gnu" "1.0.0-rc.9"
    "@rolldown/binding-linux-s390x-gnu" "1.0.0-rc.9"
    "@rolldown/binding-linux-x64-gnu" "1.0.0-rc.9"
    "@rolldown/binding-linux-x64-musl" "1.0.0-rc.9"
    "@rolldown/binding-openharmony-arm64" "1.0.0-rc.9"
    "@rolldown/binding-wasm32-wasi" "1.0.0-rc.9"
    "@rolldown/binding-win32-arm64-msvc" "1.0.0-rc.9"
    "@rolldown/binding-win32-x64-msvc" "1.0.0-rc.9"

scule@^1.3.0:
  version "1.3.0"
  resolved "https://registry.npmmirror.com/scule/-/scule-1.3.0.tgz"
  integrity sha512-6FtHJEvt+pVMIB9IBY+IcCJ6Z5f1iQnytgyfKMhDKgmzYG+TeH/wx1y3l27rshSbLiSanrR9ffZDrEsmjlQF2g==

source-map-js@^1.2.1:
  version "1.2.1"
  resolved "https://registry.npmmirror.com/source-map-js/-/source-map-js-1.2.1.tgz"
  integrity sha512-UXWMKhLOwVKb728IUtQPXxfYU+usdybtUrK/8uGE8CQMvrhOpwvzDBwj0QhSL7MQc7vIsISBG8VQ8+IDQxpfQA==

tinyglobby@^0.2.15:
  version "0.2.15"
  resolved "https://registry.npmmirror.com/tinyglobby/-/tinyglobby-0.2.15.tgz"
  integrity sha512-j2Zq4NyQYG5XMST4cbs02Ak8iJUdxRM0XI5QyxXuZOzKOINmWurp3smXu3y5wDcJrptwpSjgXHzIQxR0omXljQ==
  dependencies:
    fdir "^6.5.0"
    picomatch "^4.0.3"

tslib@^2.4.0:
  version "2.8.1"
  resolved "https://registry.npmmirror.com/tslib/-/tslib-2.8.1.tgz#612efe4ed235d567e8aba5f2a5fab70280ade83f"
  integrity sha512-oJFu94HQb+KVduSUQL7wnpmqnfmLsOA/nAh6b6EH0wCEoK0/mPeXU6c3wKDV83MkOuHPRHtSXKKU99IBazS/2w==

ufo@^1.6.3:
  version "1.6.3"
  resolved "https://registry.npmmirror.com/ufo/-/ufo-1.6.3.tgz"
  integrity sha512-yDJTmhydvl5lJzBmy/hyOAA0d+aqCBuwl818haVdYCRrWV84o7YyeVm4QlVHStqNrrJSTb6jKuFAVqAFsr+K3Q==

unplugin-utils@^0.3.0, unplugin-utils@^0.3.1:
  version "0.3.1"
  resolved "https://registry.npmmirror.com/unplugin-utils/-/unplugin-utils-0.3.1.tgz"
  integrity sha512-5lWVjgi6vuHhJ526bI4nlCOmkCIF3nnfXkCMDeMJrtdvxTs6ZFCM8oNufGTsDbKv/tJ/xj8RpvXjRuPBZJuJog==
  dependencies:
    pathe "^2.0.3"
    picomatch "^4.0.3"

unplugin@^3.0.0:
  version "3.0.0"
  resolved "https://registry.npmmirror.com/unplugin/-/unplugin-3.0.0.tgz"
  integrity sha512-0Mqk3AT2TZCXWKdcoaufeXNukv2mTrEZExeXlHIOZXdqYoHHr4n51pymnwV8x2BOVxwXbK2HLlI7usrqMpycdg==
  dependencies:
    "@jridgewell/remapping" "^2.3.5"
    picomatch "^4.0.3"
    webpack-virtual-modules "^0.6.2"

vite@^8.0.0:
  version "8.0.0"
  resolved "https://registry.npmmirror.com/vite/-/vite-8.0.0.tgz"
  integrity sha512-fPGaRNj9Zytaf8LEiBhY7Z6ijnFKdzU/+mL8EFBaKr7Vw1/FWcTBAMW0wLPJAGMPX38ZPVCVgLceWiEqeoqL2Q==
  dependencies:
    "@oxc-project/runtime" "0.115.0"
    lightningcss "^1.32.0"
    picomatch "^4.0.3"
    postcss "^8.5.8"
    rolldown "1.0.0-rc.9"
    tinyglobby "^0.2.15"
  optionalDependencies:
    fsevents "~2.3.3"

vue-router@^5.0.3:
  version "5.0.3"
  resolved "https://registry.npmmirror.com/vue-router/-/vue-router-5.0.3.tgz"
  integrity sha512-nG1c7aAFac7NYj8Hluo68WyWfc41xkEjaR0ViLHCa3oDvTQ/nIuLJlXJX1NUPw/DXzx/8+OKMng045HHQKQKWw==
  dependencies:
    "@babel/generator" "^7.28.6"
    "@vue-macros/common" "^3.1.1"
    "@vue/devtools-api" "^8.0.6"
    ast-walker-scope "^0.8.3"
    chokidar "^5.0.0"
    json5 "^2.2.3"
    local-pkg "^1.1.2"
    magic-string "^0.30.21"
    mlly "^1.8.0"
    muggle-string "^0.4.1"
    pathe "^2.0.3"
    picomatch "^4.0.3"
    scule "^1.3.0"
    tinyglobby "^0.2.15"
    unplugin "^3.0.0"
    unplugin-utils "^0.3.1"
    yaml "^2.8.2"

vue@^3.5.30:
  version "3.5.30"
  resolved "https://registry.npmmirror.com/vue/-/vue-3.5.30.tgz"
  integrity sha512-hTHLc6VNZyzzEH/l7PFGjpcTvUgiaPK5mdLkbjrTeWSRcEfxFrv56g/XckIYlE9ckuobsdwqd5mk2g1sBkMewg==
  dependencies:
    "@vue/compiler-dom" "3.5.30"
    "@vue/compiler-sfc" "3.5.30"
    "@vue/runtime-dom" "3.5.30"
    "@vue/server-renderer" "3.5.30"
    "@vue/shared" "3.5.30"

webpack-virtual-modules@^0.6.2:
  version "0.6.2"
  resolved "https://registry.npmmirror.com/webpack-virtual-modules/-/webpack-virtual-modules-0.6.2.tgz"
  integrity sha512-66/V2i5hQanC51vBQKPH4aI8NMAcBW59FVBs+rC7eGHupMyfn34q7rZIE+ETlJ+XTevqfUhVVBgSUNSW2flEUQ==

yaml@^2.8.2:
  version "2.8.2"
  resolved "https://registry.npmmirror.com/yaml/-/yaml-2.8.2.tgz"
  integrity sha512-mplynKqc1C2hTVYxd0PU2xQAc22TI1vShAYGksCCfxbn/dFwnHTNi1bvYsBTkhdUNtGIf5xNOg938rrSSYvS9A==
